{
  "artifact_type": "materials_lock",
  "captured_at": "2026-03-05T13:36:20Z",
  "created_at": "2026-03-05T12:40:32Z",
  "entries": [
    {
      "digest": "sha256:dd63671a161cc1dd487ed2caa34403e05c785f7f0aa4a77327372deaabb48a90",
      "kind": "file",
      "path": ".outcomegraph/.gitignore",
      "size": 79
    },
    {
      "digest": "sha256:6c8936a7569b677ec34b7c9a8776cb560c611a6b6a953991529bfc6c6f7c1412",
      "kind": "file",
      "path": ".outcomegraph/config.yaml",
      "size": 144
    },
    {
      "digest": "sha256:643a93e150d13b6213f4ce5a15d73643e37108b4fe94d59e584e6567cbb6acdf",
      "kind": "file",
      "path": ".outcomegraph/constitution/default.yaml",
      "size": 257
    },
    {
      "digest": "sha256:aa9682b40bd3bc255af1ec49654a6bdc0b133c77f6ca48f4c0742df7d582d1e8",
      "kind": "file",
      "path": ".outcomegraph/materials.lock",
      "size": 3139
    },
    {
      "digest": "sha256:3112048bdd217100da1808fe7cfae28763904693e6fa9abd75b009464100de3e",
      "kind": "file",
      "path": ".outcomegraph/policy.yaml",
      "size": 259
    },
    {
      "digest": "sha256:fc16f468d5547a5db4d5eb184d34ad3875c78f91925c04b31992debebaacf73b",
      "kind": "file",
      "path": "README.md",
      "size": 8949
    },
    {
      "digest": "sha256:07c4388f98b543e3101ca9b39dea4056c88c2faa248ffc59ae69dee3c82a34fa",
      "kind": "file",
      "path": "__pycache__/og.cpython-312.pyc",
      "size": 383221
    },
    {
      "digest": "sha256:0e4b18192056a3c40cffdd34377a0762c4257967c0586521137a9a0945dfc867",
      "kind": "file",
      "path": "__pycache__/og.cpython-314.pyc",
      "size": 449265
    },
    {
      "digest": "sha256:04b6df325cad080ea7285ef9e4f9661a88494cd2bdb24f88050d1fb4867c48ad",
      "kind": "file",
      "path": "og.py",
      "size": 366233
    },
    {
      "digest": "sha256:80c6cbb0d415708c5bbf5b069a7b7ee927cf9c41ca373dcc6e6cae0920a2b24e",
      "kind": "file",
      "path": "skills/outcome-steward/SKILL.md",
      "size": 1349
    },
    {
      "digest": "sha256:57a6b1f0ce8a841539e5f03e0e52cec63ec3f20c8ff7a93bbe6fed7faa746f04",
      "kind": "file",
      "path": "tests/__pycache__/conftest.cpython-314-pytest-9.0.2.pyc",
      "size": 708
    },
    {
      "digest": "sha256:7b53f19834a9c8616b8b7f1ccae6b3fe9800d1dfd5512f389028f106f7cbe544",
      "kind": "file",
      "path": "tests/__pycache__/test_og_sync_verify_replay_hooks.cpython-314-pytest-9.0.2.pyc",
      "size": 35452
    },
    {
      "digest": "sha256:1d2a6e91768b0d6d74762199a133c76183098a979da5f703df201f12389daaeb",
      "kind": "file",
      "path": "tests/__pycache__/test_og_sync_verify_replay_hooks.cpython-314.pyc",
      "size": 76592
    },
    {
      "digest": "sha256:59b3c2285403e8e205fe421ad33ab6bec71b37258cac394a4d811e81417ac377",
      "kind": "file",
      "path": "to-do.json",
      "size": 36152
    },
    {
      "digest": "sha256:852a15eff55b70ffb7f4954487dfd9a2c0262c09ba231eb89ccc9c975ede72e8",
      "kind": "file",
      "path": "uv.lock",
      "size": 133
    }
  ],
  "id": "materials-lock",
  "schema_version": 2,
  "updated_at": "2026-03-05T13:36:20Z"
}
