{
  "artifact_type": "materials_lock",
  "captured_at": "2026-03-08T14:17:19Z",
  "created_at": "2026-03-08T13:53:57Z",
  "entries": [
    {
      "digest": "sha256:cd99fb1a2a820b208495d96dd98bda65b4b5cad4fa5c2e7d3c211bb56085be11",
      "kind": "file",
      "path": ".gitignore",
      "size": 51
    },
    {
      "digest": "sha256:fa1408604d4f4f1ddb12480d0f506bed6de57081e3af051c87aa348b82d84da8",
      "kind": "file",
      "path": ".outcomegraph/config.yaml",
      "size": 199
    },
    {
      "digest": "sha256:23d5e8e69039c5731c00e5df33f1dcb1b8c4474d78e1f9062950e95a36ffaffb",
      "kind": "file",
      "path": ".outcomegraph/constitution/default.yaml",
      "size": 276
    },
    {
      "digest": "sha256:a30079c40937a2fab239616d9fa7c9180e5fc185d134d567102d8dc70af1cd53",
      "kind": "file",
      "path": ".outcomegraph/policy.yaml",
      "size": 978
    },
    {
      "digest": "sha256:a16d65343a0b36e0b052b0d582912f9020a46ce47f6630c983c960a3f721a758",
      "kind": "file",
      "path": "AGENT_FIRST_CLI_REVIEW.md",
      "size": 7259
    },
    {
      "digest": "sha256:8814f8ce000c4e1edb799dcd7468c4a94a5b8bc2b4d0ec51e90c28a647b4aff9",
      "kind": "file",
      "path": "ARCHITECTURE.md",
      "size": 12501
    },
    {
      "digest": "sha256:9d327cf5217facaba38605a525c4aeca8b112f56d14a9229dca90a41403223fe",
      "kind": "file",
      "path": "CONTEXT.md",
      "size": 2090
    },
    {
      "digest": "sha256:7ad4a3e5db2a92b915ed6f5482954007a37f5a020656f466143a9612f2f86c24",
      "kind": "file",
      "path": "MIGRATION_GUIDE.md",
      "size": 3306
    },
    {
      "digest": "sha256:4cde375fca93213551c42cb24fe1911173c7029694ebf13620ac7e32a112b24c",
      "kind": "file",
      "path": "PLUGIN_API.md",
      "size": 3605
    },
    {
      "digest": "sha256:0a3daaf885d27fea4687ff9fd69d940f3e04c230dfe1409230543c2c5fbcee33",
      "kind": "file",
      "path": "QUICKSTART.md",
      "size": 3754
    },
    {
      "digest": "sha256:28a91344b24ce53a4993fd119029ac70e25f51e0079c5002223461d604e2c3b0",
      "kind": "file",
      "path": "README.md",
      "size": 20891
    },
    {
      "digest": "sha256:097ca88de78120e44f2bde0da636fa1a504ee9a8cee0f59d05d408d553ffc597",
      "kind": "file",
      "path": "RUNBOOKS.md",
      "size": 12192
    },
    {
      "digest": "sha256:9399b998aaa6efebb34650ac6158ff3c1117ff104b0da35d058ed3a34e1ab9ed",
      "kind": "file",
      "path": "SECURITY_POLICY.md",
      "size": 3292
    },
    {
      "digest": "sha256:b874924b6f2a02b6e4b3db21d97543b3dcf41445028d440efefcf725cac4cd0a",
      "kind": "file",
      "path": "SPEC-v2.md",
      "size": 40823
    },
    {
      "digest": "sha256:04545424d0db46489fc7b8a8d1569e2c5d94f5fa2582ef01df1f8d132702413e",
      "kind": "file",
      "path": "SPEC_IMPLEMENTATION_MATRIX.md",
      "size": 6554
    },
    {
      "digest": "sha256:f8f62499ecb2a3b74e7470fce93ea0d6363fc3acabfe654019a30eb960f2093c",
      "kind": "file",
      "path": "WORKER_CAPSULE_REFACTOR_PLAN.md",
      "size": 9486
    },
    {
      "digest": "sha256:e394578e138639e2dc65818d3da188b9584dce4247cc3ed1b32fb6a8afe3fccf",
      "kind": "file",
      "path": "og",
      "size": 225
    },
    {
      "digest": "sha256:ea31a1226f6ae1c5dea027ffb6c56dcdf014e67f32b81583bc5613946c2376f6",
      "kind": "file",
      "path": "og.py",
      "size": 760504
    },
    {
      "digest": "sha256:5bfd50e1b1428f5d295ae6f4bc049c8c18bab863a962fd87e387c34d9d44b0ea",
      "kind": "file",
      "path": "ogd",
      "size": 145
    },
    {
      "digest": "sha256:73bd22df6dee7d20b2c5a928aa13df26fd3547640940d168533719c71734f6f4",
      "kind": "file",
      "path": "outcomegraph.egg-info/PKG-INFO",
      "size": 21140
    },
    {
      "digest": "sha256:44e1721c4543e86651d89c0fff131c1039fe94c0721356062c7eca2552a02212",
      "kind": "file",
      "path": "outcomegraph.egg-info/SOURCES.txt",
      "size": 357
    },
    {
      "digest": "sha256:01ba4719c80b6fe911b091a7c05124b64eeece964e09c058ef8f9805daca546b",
      "kind": "file",
      "path": "outcomegraph.egg-info/dependency_links.txt",
      "size": 1
    },
    {
      "digest": "sha256:163be6ea35724e504389876490338e064620fe67d384d679df4d2431cacdf7e1",
      "kind": "file",
      "path": "outcomegraph.egg-info/entry_points.txt",
      "size": 50
    },
    {
      "digest": "sha256:806706bc16da804481f5daf0177349dfca395db663ce15d223d141370d4b361c",
      "kind": "file",
      "path": "outcomegraph.egg-info/requires.txt",
      "size": 30
    },
    {
      "digest": "sha256:f4e7e93c5250ba951138f232fc40cf5b90a4fac589bf1634be9fd6f3c280dc00",
      "kind": "file",
      "path": "outcomegraph.egg-info/top_level.txt",
      "size": 3
    },
    {
      "digest": "sha256:8f1ef4d24dbd04dc635e583c00173d5ccdfef24c8f49c9efd0e2a7e619a006d4",
      "kind": "file",
      "path": "prompts/workers/distill-v1.txt",
      "size": 5232
    },
    {
      "digest": "sha256:a3056ac4803493ba2b7d5f54550bc0a1c951e3c2b3743d70753aed26921db75c",
      "kind": "file",
      "path": "prompts/workers/manifest.json",
      "size": 416
    },
    {
      "digest": "sha256:4a69e82b882d922ed84b1a3ac43ef6d3717ed83cb58d3e5e6c9a4137a814a0c0",
      "kind": "file",
      "path": "prompts/workers/replay-v1.txt",
      "size": 1605
    },
    {
      "digest": "sha256:2e9e83e77841e467e14538fab30ca43364074bf7b4d3e075a488fda256ab293b",
      "kind": "file",
      "path": "pyproject.toml",
      "size": 1080
    },
    {
      "digest": "sha256:ebad24b6848e49c51588e2e0cb0782cb5e3ee3e2666cefe4096694ca55d9c81d",
      "kind": "file",
      "path": "skills/og-dogfood/SKILL.md",
      "size": 3629
    },
    {
      "digest": "sha256:0d31ce4b693fcc042c01c00c6d4276bc737043ba6fa07ed3673e4f910712e1a7",
      "kind": "file",
      "path": "skills/og-dogfood/agents/openai.yaml",
      "size": 224
    },
    {
      "digest": "sha256:e31cef8c7afa18dbd35ae3aaa0efee0c8ca6ba826c89e1be472d2c6c67626279",
      "kind": "file",
      "path": "skills/og-dogfood/scripts/run_dogfood.sh",
      "size": 5831
    },
    {
      "digest": "sha256:00dbd85efd765c00a45a6da4896180890158cf60d345c6a2acf42fe51225d5fc",
      "kind": "file",
      "path": "skills/og-quality-pass/SKILL.md",
      "size": 1403
    },
    {
      "digest": "sha256:aba96d84d8e781e0aeed4c17c7ef836ad46d578fa0952ead442c966e5019ae8f",
      "kind": "file",
      "path": "skills/og-quality-pass/agents/openai.yaml",
      "size": 231
    },
    {
      "digest": "sha256:2f318ada563a9ef2369e4c713718b929ebc42738bc55320afc3979f82213a06e",
      "kind": "file",
      "path": "skills/og-quality-pass/scripts/run_quality_pass.sh",
      "size": 1688
    },
    {
      "digest": "sha256:86ce614bbd4719a2553240a88ed161f0cc86aa3edcce95c03f5e12958bc70961",
      "kind": "file",
      "path": "skills/og/SKILL.md",
      "size": 2823
    },
    {
      "digest": "sha256:54bc023939ee9ddf6f8a30ccbd24d5affda72a08c86280bbd55b3c2185be6743",
      "kind": "file",
      "path": "tasks/codebase-audit-2026-03-08.md",
      "size": 12877
    },
    {
      "digest": "sha256:4af2f7b84df2b5ef0f3a74d20a01d651fc4e45f80619fee0d75bec4a66593f84",
      "kind": "file",
      "path": "tasks/fix-everything-plan-2026-03-08.md",
      "size": 1272
    },
    {
      "digest": "sha256:9a1d542006d793471ed2d08dc3f08ea8ec02538626b97e285bb0f5a08a9a4486",
      "kind": "file",
      "path": "tasks/og-agent-010/TASK.md",
      "size": 2328
    },
    {
      "digest": "sha256:85fc9ea0d11008a5dfd443bcf39111edbb133056e5ef1a2590be09510e7a836e",
      "kind": "file",
      "path": "tasks/og-agent-010/task-plan.json",
      "size": 1532
    },
    {
      "digest": "sha256:af7d1e8c13469de61e9a12a8a0d9c6d1e24a711f902d85fc7afec8be8594568a",
      "kind": "file",
      "path": "tasks/og-agent-012/TASK.md",
      "size": 1936
    },
    {
      "digest": "sha256:5920d30153c1e84c3b4f7586e68296662ab0eefe82dd39b560662d224b0666bf",
      "kind": "file",
      "path": "tasks/og-agent-012/task-plan.json",
      "size": 1579
    },
    {
      "digest": "sha256:7549ead2efe7f0ed7fb1eae0d8fdb68e4e5a02288cf7480124957be756d45efe",
      "kind": "file",
      "path": "tasks/og-agent-014/TASK.md",
      "size": 2485
    },
    {
      "digest": "sha256:cae8cc8306a90efad072d42de07e0ff83647526de169c373c4e25e867d4539e4",
      "kind": "file",
      "path": "tasks/og-agent-014/task-plan.json",
      "size": 1777
    },
    {
      "digest": "sha256:f6aa29e4a489956deb1d00bc9759eafeb4b47ef826d4c197133e414efc507ba8",
      "kind": "file",
      "path": "tasks/og-apply-001/TASK.md",
      "size": 1550
    },
    {
      "digest": "sha256:f3ec9a1833fb9fb3ca58fc41d8a3983cd5bbc078ca5fe91313743d7e25d026a8",
      "kind": "file",
      "path": "tasks/og-apply-001/task-plan.json",
      "size": 1197
    },
    {
      "digest": "sha256:69ab2d76445a8fe86f949ce405232e78b46ea45462f79140580b94e05f138373",
      "kind": "file",
      "path": "tasks/og-distill-001/TASK.md",
      "size": 1516
    },
    {
      "digest": "sha256:bea78a6ce4701597e86cb0d96cb1aada5c539481322bbd1e3e996017f5e8007c",
      "kind": "file",
      "path": "tasks/og-distill-001/task-plan.json",
      "size": 1077
    },
    {
      "digest": "sha256:39d82254243560e2e9fca454dd98b8efcfe528af747d37fe8bd6c1216264dfee",
      "kind": "file",
      "path": "tasks/og-distill-002/TASK.md",
      "size": 1621
    },
    {
      "digest": "sha256:04b138774e272be68e48de063b41e733a6583502195056963abc119675bb672f",
      "kind": "file",
      "path": "tasks/og-distill-002/task-plan.json",
      "size": 1275
    },
    {
      "digest": "sha256:2b1caaaed5465a4bf18e43523e55f01f1150f02dda2fd0ae6ba9eac708886752",
      "kind": "file",
      "path": "tasks/og-doc-003/TASK.md",
      "size": 2623
    },
    {
      "digest": "sha256:568b5de7d42c8355ad0963039b2af0fed37502520647f1c54996ecb720e220c4",
      "kind": "file",
      "path": "tasks/og-doc-003/task-plan.json",
      "size": 1782
    },
    {
      "digest": "sha256:231aa716224fa63cf69356d6a0db49b3e4be664a2d2dcab7d2e5601f30860591",
      "kind": "file",
      "path": "tasks/og-dogfood-001/TASK.md",
      "size": 2256
    },
    {
      "digest": "sha256:f50877fb51859a89ea270d00652bc7132c2c733f23d1e74a47db63fdfc4b3e50",
      "kind": "file",
      "path": "tasks/og-dogfood-001/evidence/clean-clone-1800-distill-batch-9-input.json",
      "size": 260915
    },
    {
      "digest": "sha256:b273eea50bcecbc377da40d753d00f23113ae9dbdf89e77f23fb0bba4ce6a27f",
      "kind": "file",
      "path": "tasks/og-dogfood-001/evidence/clean-clone-1800-distill-batch-9-result.json",
      "size": 25098
    },
    {
      "digest": "sha256:73ddf709de8a81039e086bb938c342b844c98d352df773d46987c800cd1c2deb",
      "kind": "file",
      "path": "tasks/og-dogfood-001/evidence/clean-clone-1800-dogfood-status-pre-sync.json",
      "size": 14566
    },
    {
      "digest": "sha256:c33b3e118d406b936df0604c4649e46a8f1429a3b27b29cdb45d8a639bedb1b4",
      "kind": "file",
      "path": "tasks/og-dogfood-001/evidence/clean-clone-1800-dogfood-sync.json",
      "size": 976672
    },
    {
      "digest": "sha256:03d90e7113838c58e4370a23aab63b7eb5c3f97e1b3f85ef73c7bbbd62219a82",
      "kind": "file",
      "path": "tasks/og-dogfood-001/evidence/clean-clone-1800-review.md",
      "size": 2046
    },
    {
      "digest": "sha256:bf63177c5028ffa3fd56786faca6ae9672ca8b509b0820d985b707dfbcae161b",
      "kind": "file",
      "path": "tasks/og-dogfood-001/evidence/clean-clone-1800-work-lock.json",
      "size": 515
    },
    {
      "digest": "sha256:d96dcb63c51002def1e25ff5238dd54ac351ae00a1e01dda146874541732adb0",
      "kind": "file",
      "path": "tasks/og-dogfood-001/evidence/clean-clone-1800-work-state.json",
      "size": 286
    },
    {
      "digest": "sha256:10a2a4d549ac77c823e448c8bc66165645b1a59d9a05e7dbbd5433f31cc698eb",
      "kind": "file",
      "path": "tasks/og-dogfood-001/evidence/clean-clone-3600-dogfood-status-pre-sync.json",
      "size": 14566
    },
    {
      "digest": "sha256:9bf14b5ea37d8e4a8a9598935909c93a2fb656dc58793204c6cf64151b5f0522",
      "kind": "file",
      "path": "tasks/og-dogfood-001/evidence/clean-clone-3600-dogfood-sync.json",
      "size": 889474
    },
    {
      "digest": "sha256:d429aaaeb58fc7b782c50b4caf1f7f73311a051b38180d2db2c6d7e4bac836bb",
      "kind": "file",
      "path": "tasks/og-dogfood-001/evidence/clean-clone-3600-review.md",
      "size": 2396
    },
    {
      "digest": "sha256:a8951c149b30824ecab13582c400ee1690b3cf3632b6f8ce41ea9046fdaba8d3",
      "kind": "file",
      "path": "tasks/og-dogfood-001/evidence/clean-clone-3600-trace-summary.json",
      "size": 613
    },
    {
      "digest": "sha256:09d287a4dca989bd85ce073643d63d52f2addcf104ef3af4d1161d6105d4c4f8",
      "kind": "file",
      "path": "tasks/og-dogfood-001/evidence/clean-clone-3600-work-lock.json",
      "size": 515
    },
    {
      "digest": "sha256:de8f167aec04527997a059db14270a35687174c8480eef52dbff3f5f8db51d8d",
      "kind": "file",
      "path": "tasks/og-dogfood-001/evidence/clean-clone-3600-work-state.json",
      "size": 286
    },
    {
      "digest": "sha256:7621978df6dd1276f667e79b6391aaea12b860aedc344c628daf2746797e873c",
      "kind": "file",
      "path": "tasks/og-dogfood-001/evidence/clean-clone-corrected-review.md",
      "size": 2418
    },
    {
      "digest": "sha256:5c2e02c831b4e60d5279abd140ce9c6b8c48430e05738e7c418a52e255d5f554",
      "kind": "file",
      "path": "tasks/og-dogfood-001/evidence/clean-clone-corrected-trace-summary.json",
      "size": 1235
    },
    {
      "digest": "sha256:7f47ae3c7e8d695ea2c6af8d3594d729867b289547ef8318db17ec8ceb074352",
      "kind": "file",
      "path": "tasks/og-dogfood-001/evidence/clean-clone-distill-batch-9-input.json",
      "size": 237200
    },
    {
      "digest": "sha256:3161d9880b432c1e90a9f0e770a070b716077fbe05668d32d0325677b6a8eea5",
      "kind": "file",
      "path": "tasks/og-dogfood-001/evidence/clean-clone-distill-batch-9-result.json",
      "size": 19507
    },
    {
      "digest": "sha256:3013fde457703400addb444853f3f9355ec6ecb73ea5dfa0da81df7369a7912a",
      "kind": "file",
      "path": "tasks/og-dogfood-001/evidence/clean-clone-dogfood-status-pre-sync.json",
      "size": 13361
    },
    {
      "digest": "sha256:b1b949a0f7015f7c2011f38659c1ac072f744a8b095771c7fa36bf145ffbea60",
      "kind": "file",
      "path": "tasks/og-dogfood-001/evidence/clean-clone-dogfood-sync.json",
      "size": 13078
    },
    {
      "digest": "sha256:d1b358ad40263ff9fdddc9400829aada1a51d690821617296b4269ae690f39c3",
      "kind": "file",
      "path": "tasks/og-dogfood-001/evidence/clean-clone-pass-1800-dogfood-drift.txt",
      "size": 91
    },
    {
      "digest": "sha256:bb75debd85d4f22436975e08fe0b03d9f57c749c27453357f7c467e36c276450",
      "kind": "file",
      "path": "tasks/og-dogfood-001/evidence/clean-clone-pass-1800-dogfood-replay.json",
      "size": 178282
    },
    {
      "digest": "sha256:8a8c24cc3668f89df1c8937c3a16857bedf07e61c96fde8c837e16d03496c9a6",
      "kind": "file",
      "path": "tasks/og-dogfood-001/evidence/clean-clone-pass-1800-dogfood-status-final.json",
      "size": 24552
    },
    {
      "digest": "sha256:418cdfe77f4e17982064f7bff7785a90ffc8548c5e46b1faba436caecbc69895",
      "kind": "file",
      "path": "tasks/og-dogfood-001/evidence/clean-clone-pass-1800-dogfood-status-pre-sync.json",
      "size": 15194
    },
    {
      "digest": "sha256:8a8c24cc3668f89df1c8937c3a16857bedf07e61c96fde8c837e16d03496c9a6",
      "kind": "file",
      "path": "tasks/og-dogfood-001/evidence/clean-clone-pass-1800-dogfood-status.json",
      "size": 24552
    },
    {
      "digest": "sha256:10799d98948bc8d5c3e58a70c16af805d5d2c196cefd67279dd4ee34c1f3c509",
      "kind": "file",
      "path": "tasks/og-dogfood-001/evidence/clean-clone-pass-1800-dogfood-sync.json",
      "size": 973051
    },
    {
      "digest": "sha256:582ef327a713b9e7bc7f9a50339f9e4c0b7e1070cea4eb903935938bc2d32471",
      "kind": "file",
      "path": "tasks/og-dogfood-001/evidence/clean-clone-pass-1800-dogfood-verify.json",
      "size": 89620
    },
    {
      "digest": "sha256:1dd169ecb9159e3c66b9557713ef8e7460c89a81bd5a6521af6cf34d65b449c0",
      "kind": "file",
      "path": "tasks/og-dogfood-001/evidence/clean-clone-pass-1800-replay-summary.json",
      "size": 96244
    },
    {
      "digest": "sha256:ef570590ba40530bddefe8099766f773e13ffb130ee9a964c18b80c35bb023ac",
      "kind": "file",
      "path": "tasks/og-dogfood-001/evidence/clean-clone-pass-1800-review.md",
      "size": 1832
    },
    {
      "digest": "sha256:1dede7041224657885a2ef3bae7d63a2f9a0cd8b446265085f47f6fe0202f7db",
      "kind": "file",
      "path": "tasks/og-dogfood-001/evidence/clean-clone-pass-1800-sync-summary.json",
      "size": 929704
    },
    {
      "digest": "sha256:bb1f4aebc6080821a20e4655397e599355cd34789e36d4dbbe6e6cb8edf69306",
      "kind": "file",
      "path": "tasks/og-dogfood-001/evidence/clean-clone-pass-1800-trace-summary.json",
      "size": 2088
    },
    {
      "digest": "sha256:45b900d20e826befc22680188178ce08d6951920fbce06a9fb879ee7b59211a1",
      "kind": "file",
      "path": "tasks/og-dogfood-001/evidence/clean-clone-pass-1800-verify-summary.json",
      "size": 49938
    },
    {
      "digest": "sha256:db8ac19d0478317e258bd5b16ba71c7ea6f79af724310cbeef725a5d54599cc1",
      "kind": "file",
      "path": "tasks/og-dogfood-001/evidence/clean-clone-review.md",
      "size": 1581
    },
    {
      "digest": "sha256:2bdb315903dd89d5df6ca70386f40cc02ff303236bc5b308524cbdb209516645",
      "kind": "file",
      "path": "tasks/og-dogfood-001/evidence/clean-clone-sync-summary.json",
      "size": 9185
    },
    {
      "digest": "sha256:ece3bd4516d8768cb899be73e657faf73e5943314416ea0cc7a0143159818921",
      "kind": "file",
      "path": "tasks/og-dogfood-001/task-plan.json",
      "size": 4815
    },
    {
      "digest": "sha256:1e3f96a7208ac7cb6caf7b8011c00e9b117300e65c826f80607892cae6ef710c",
      "kind": "file",
      "path": "tasks/og-eval-001/TASK.md",
      "size": 2278
    },
    {
      "digest": "sha256:059f862af21cc95579bdd2c5d7894f46fd2c9a64a5066bbfd586cca9bd906201",
      "kind": "file",
      "path": "tasks/og-eval-001/task-plan.json",
      "size": 1590
    },
    {
      "digest": "sha256:eb9059a1dbf0ae20c07fbd1b97c5f04bdfeebcba14ec581ed05576b908f273ba",
      "kind": "file",
      "path": "tasks/og-live-use-plan-2026-03-08.md",
      "size": 4157
    },
    {
      "digest": "sha256:c13c0a388e64c5524774e9ac23924a27c9fbb07173ba83df26d83225333b3ed1",
      "kind": "file",
      "path": "tasks/og-prompt-002/TASK.md",
      "size": 1918
    },
    {
      "digest": "sha256:578da21564872d7eb4b8958fff84a14f1218dc24dbb1bc726cc77aaa2076f08f",
      "kind": "file",
      "path": "tasks/og-prompt-002/task-plan.json",
      "size": 1342
    },
    {
      "digest": "sha256:2ec05963bd361f9853ce89effd24cb609768e067f525f40f9ca79c3d4bf1e3b9",
      "kind": "file",
      "path": "tasks/og-replay-003/TASK.md",
      "size": 1953
    },
    {
      "digest": "sha256:8c19eb11b846fa575b573f793f84750a8640f023d4cd62cf9805d19e8d4f7452",
      "kind": "file",
      "path": "tasks/og-replay-003/task-plan.json",
      "size": 1513
    },
    {
      "digest": "sha256:f18aea42bc6c7d09ddc273135f332865881077bb5e1b9c957de987d7c5b8d53d",
      "kind": "file",
      "path": "tasks/release-readiness-2026-03-08.md",
      "size": 726
    },
    {
      "digest": "sha256:7932f0d297a40ea6c290c875501713901e258879f830ccf1afaa6499d84958ba",
      "kind": "file",
      "path": "tests/conftest.py",
      "size": 240
    },
    {
      "digest": "sha256:91b69d54576f54d939b4d3a3f074e0041abb0fdb5508c32503888d3adb853e61",
      "kind": "file",
      "path": "tests/test_capsule_quality_eval.py",
      "size": 13809
    },
    {
      "digest": "sha256:02dfa740f223cdeede56cb8ad137cd6cf8f419b70ca98aa588e3355ef8c26c3a",
      "kind": "file",
      "path": "tests/test_cli_mcp_contracts.py",
      "size": 4442
    },
    {
      "digest": "sha256:0612b6e42b7ca2d98b6635689398b5114eab05f4537dc38538a2c8d47eaf9eb2",
      "kind": "file",
      "path": "tests/test_og_sync_verify_replay_hooks.py",
      "size": 257005
    },
    {
      "digest": "sha256:581a54e1924ff78cdc6708c20549cdd0772e6a69685f126be741972f7861fc36",
      "kind": "file",
      "path": "to-do.json",
      "size": 79412
    },
    {
      "digest": "sha256:d216c0efd1a24b88c762e25084c294e3d962700da5592fb8d54bbd7fa546d9cb",
      "kind": "file",
      "path": "to-do.schema.json",
      "size": 1589
    },
    {
      "digest": "sha256:97e37121d05ecde981197f00c819e094651a18e54f50c953d613da8b9794e60b",
      "kind": "file",
      "path": "uv.lock",
      "size": 38920
    }
  ],
  "id": "materials-lock",
  "schema_version": 2,
  "updated_at": "2026-03-08T14:17:19Z"
}
